
Microsoft Visual Studio Solution File, Format Version 12.00
# Visual Studio Version 17
VisualStudioVersion = 17.8.34309.116
MinimumVisualStudioVersion = 10.0.40219.1
Project("{FAE04EC0-301F-11D3-BF4B-00C04F79EFBC}") = "myContactsWeb", "myContactsWeb\myContactsWeb.csproj", "{CCBADE5D-98F1-4ABD-8683-263481E64843}"
EndProject
Global
	GlobalSection(SolutionConfigurationPlatforms) = preSolution
		Debug|Any CPU = Debug|Any CPU
		Release|Any CPU = Release|Any CPU
	EndGlobalSection
	GlobalSection(ProjectConfigurationPlatforms) = postSolution
		{CCBADE5D-98F1-4ABD-8683-263481E64843}.Debug|Any CPU.ActiveCfg = Debug|Any CPU
		{CCBADE5D-98F1-4ABD-8683-263481E64843}.Debug|Any CPU.Build.0 = Debug|Any CPU
		{CCBADE5D-98F1-4ABD-8683-263481E64843}.Release|Any CPU.ActiveCfg = Release|Any CPU
		{CCBADE5D-98F1-4ABD-8683-263481E64843}.Release|Any CPU.Build.0 = Release|Any CPU
	EndGlobalSection
	GlobalSection(SolutionProperties) = preSolution
		HideSolutionNode = FALSE
	EndGlobalSection
	GlobalSection(ExtensibilityGlobals) = postSolution
		SolutionGuid = {388CE499-00D1-483B-B6D0-F8E3C7FE7F01}
	EndGlobalSection
EndGlobal
